
Microsoft Visual Studio Solution File, Format Version 12.00
# Visual Studio Version 17
VisualStudioVersion = 17.4.33213.308
MinimumVisualStudioVersion = 10.0.40219.1
Project("{FAE04EC0-301F-11D3-BF4B-00C04F79EFBC}") = "ExercicioparImpar", "ExercicioparImpar\ExercicioparImpar.csproj", "{8FCC9E0A-467E-4ABD-AF13-942F70F78916}"
EndProject
Global
	GlobalSection(SolutionConfigurationPlatforms) = preSolution
		Debug|Any CPU = Debug|Any CPU
		Release|Any CPU = Release|Any CPU
	EndGlobalSection
	GlobalSection(ProjectConfigurationPlatforms) = postSolution
		{8FCC9E0A-467E-4ABD-AF13-942F70F78916}.Debug|Any CPU.ActiveCfg = Debug|Any CPU
		{8FCC9E0A-467E-4ABD-AF13-942F70F78916}.Debug|Any CPU.Build.0 = Debug|Any CPU
		{8FCC9E0A-467E-4ABD-AF13-942F70F78916}.Release|Any CPU.ActiveCfg = Release|Any CPU
		{8FCC9E0A-467E-4ABD-AF13-942F70F78916}.Release|Any CPU.Build.0 = Release|Any CPU
	EndGlobalSection
	GlobalSection(SolutionProperties) = preSolution
		HideSolutionNode = FALSE
	EndGlobalSection
	GlobalSection(ExtensibilityGlobals) = postSolution
		SolutionGuid = {7CB12DF8-1F14-4417-BDDF-748276A26723}
	EndGlobalSection
EndGlobal
