
Microsoft Visual Studio Solution File, Format Version 12.00
# Visual Studio Version 17
VisualStudioVersion = 17.4.33213.308
MinimumVisualStudioVersion = 10.0.40219.1
Project("{FAE04EC0-301F-11D3-BF4B-00C04F79EFBC}") = "Fibonacci", "Fibonacci\Fibonacci.csproj", "{A66CF51A-BA0B-46F0-AC94-8E86148EC0AF}"
EndProject
Global
	GlobalSection(SolutionConfigurationPlatforms) = preSolution
		Debug|Any CPU = Debug|Any CPU
		Release|Any CPU = Release|Any CPU
	EndGlobalSection
	GlobalSection(ProjectConfigurationPlatforms) = postSolution
		{A66CF51A-BA0B-46F0-AC94-8E86148EC0AF}.Debug|Any CPU.ActiveCfg = Debug|Any CPU
		{A66CF51A-BA0B-46F0-AC94-8E86148EC0AF}.Debug|Any CPU.Build.0 = Debug|Any CPU
		{A66CF51A-BA0B-46F0-AC94-8E86148EC0AF}.Release|Any CPU.ActiveCfg = Release|Any CPU
		{A66CF51A-BA0B-46F0-AC94-8E86148EC0AF}.Release|Any CPU.Build.0 = Release|Any CPU
	EndGlobalSection
	GlobalSection(SolutionProperties) = preSolution
		HideSolutionNode = FALSE
	EndGlobalSection
	GlobalSection(ExtensibilityGlobals) = postSolution
		SolutionGuid = {AF3FC84C-E4CF-4A91-BEFF-E9473B845359}
	EndGlobalSection
EndGlobal
