
Microsoft Visual Studio Solution File, Format Version 12.00
# Visual Studio Version 17
VisualStudioVersion = 17.4.33213.308
MinimumVisualStudioVersion = 10.0.40219.1
Project("{FAE04EC0-301F-11D3-BF4B-00C04F79EFBC}") = "ContaBancaria", "ContaBancaria\ContaBancaria.csproj", "{1356941D-E309-49CB-83F4-42AC21942ACC}"
EndProject
Global
	GlobalSection(SolutionConfigurationPlatforms) = preSolution
		Debug|Any CPU = Debug|Any CPU
		Release|Any CPU = Release|Any CPU
	EndGlobalSection
	GlobalSection(ProjectConfigurationPlatforms) = postSolution
		{1356941D-E309-49CB-83F4-42AC21942ACC}.Debug|Any CPU.ActiveCfg = Debug|Any CPU
		{1356941D-E309-49CB-83F4-42AC21942ACC}.Debug|Any CPU.Build.0 = Debug|Any CPU
		{1356941D-E309-49CB-83F4-42AC21942ACC}.Release|Any CPU.ActiveCfg = Release|Any CPU
		{1356941D-E309-49CB-83F4-42AC21942ACC}.Release|Any CPU.Build.0 = Release|Any CPU
	EndGlobalSection
	GlobalSection(SolutionProperties) = preSolution
		HideSolutionNode = FALSE
	EndGlobalSection
	GlobalSection(ExtensibilityGlobals) = postSolution
		SolutionGuid = {4FE3485C-5945-49D6-BADD-CE6625CBF89B}
	EndGlobalSection
EndGlobal
