
Microsoft Visual Studio Solution File, Format Version 12.00
# Visual Studio Version 17
VisualStudioVersion = 17.4.33213.308
MinimumVisualStudioVersion = 10.0.40219.1
Project("{FAE04EC0-301F-11D3-BF4B-00C04F79EFBC}") = "Classes e Construtor", "Classes e Construtor\Classes e Construtor.csproj", "{09157AE5-8EEB-4F4A-B64E-1A6B8B4A661F}"
EndProject
Global
	GlobalSection(SolutionConfigurationPlatforms) = preSolution
		Debug|Any CPU = Debug|Any CPU
		Release|Any CPU = Release|Any CPU
	EndGlobalSection
	GlobalSection(ProjectConfigurationPlatforms) = postSolution
		{09157AE5-8EEB-4F4A-B64E-1A6B8B4A661F}.Debug|Any CPU.ActiveCfg = Debug|Any CPU
		{09157AE5-8EEB-4F4A-B64E-1A6B8B4A661F}.Debug|Any CPU.Build.0 = Debug|Any CPU
		{09157AE5-8EEB-4F4A-B64E-1A6B8B4A661F}.Release|Any CPU.ActiveCfg = Release|Any CPU
		{09157AE5-8EEB-4F4A-B64E-1A6B8B4A661F}.Release|Any CPU.Build.0 = Release|Any CPU
	EndGlobalSection
	GlobalSection(SolutionProperties) = preSolution
		HideSolutionNode = FALSE
	EndGlobalSection
	GlobalSection(ExtensibilityGlobals) = postSolution
		SolutionGuid = {573CA0CF-C7C3-4D09-8174-F8469889BE6C}
	EndGlobalSection
EndGlobal
