
Microsoft Visual Studio Solution File, Format Version 12.00
# Visual Studio Version 17
VisualStudioVersion = 17.4.33213.308
MinimumVisualStudioVersion = 10.0.40219.1
Project("{FAE04EC0-301F-11D3-BF4B-00C04F79EFBC}") = "Exercício 6", "Exercício 6\Exercício 6.csproj", "{9529E0D8-1D2D-4952-8CAA-A6696808D079}"
EndProject
Global
	GlobalSection(SolutionConfigurationPlatforms) = preSolution
		Debug|Any CPU = Debug|Any CPU
		Release|Any CPU = Release|Any CPU
	EndGlobalSection
	GlobalSection(ProjectConfigurationPlatforms) = postSolution
		{9529E0D8-1D2D-4952-8CAA-A6696808D079}.Debug|Any CPU.ActiveCfg = Debug|Any CPU
		{9529E0D8-1D2D-4952-8CAA-A6696808D079}.Debug|Any CPU.Build.0 = Debug|Any CPU
		{9529E0D8-1D2D-4952-8CAA-A6696808D079}.Release|Any CPU.ActiveCfg = Release|Any CPU
		{9529E0D8-1D2D-4952-8CAA-A6696808D079}.Release|Any CPU.Build.0 = Release|Any CPU
	EndGlobalSection
	GlobalSection(SolutionProperties) = preSolution
		HideSolutionNode = FALSE
	EndGlobalSection
	GlobalSection(ExtensibilityGlobals) = postSolution
		SolutionGuid = {589A53A9-F382-4686-8BC4-991AC162D096}
	EndGlobalSection
EndGlobal
