
Microsoft Visual Studio Solution File, Format Version 12.00
# Visual Studio Version 17
VisualStudioVersion = 17.4.33213.308
MinimumVisualStudioVersion = 10.0.40219.1
Project("{FAE04EC0-301F-11D3-BF4B-00C04F79EFBC}") = "Media Alunos", "Media Alunos\Media Alunos.csproj", "{BA1A93D5-DFD5-4954-AD4C-1D84A765037C}"
EndProject
Global
	GlobalSection(SolutionConfigurationPlatforms) = preSolution
		Debug|Any CPU = Debug|Any CPU
		Release|Any CPU = Release|Any CPU
	EndGlobalSection
	GlobalSection(ProjectConfigurationPlatforms) = postSolution
		{BA1A93D5-DFD5-4954-AD4C-1D84A765037C}.Debug|Any CPU.ActiveCfg = Debug|Any CPU
		{BA1A93D5-DFD5-4954-AD4C-1D84A765037C}.Debug|Any CPU.Build.0 = Debug|Any CPU
		{BA1A93D5-DFD5-4954-AD4C-1D84A765037C}.Release|Any CPU.ActiveCfg = Release|Any CPU
		{BA1A93D5-DFD5-4954-AD4C-1D84A765037C}.Release|Any CPU.Build.0 = Release|Any CPU
	EndGlobalSection
	GlobalSection(SolutionProperties) = preSolution
		HideSolutionNode = FALSE
	EndGlobalSection
	GlobalSection(ExtensibilityGlobals) = postSolution
		SolutionGuid = {277D3E07-29EB-4BDF-BDBC-F7B6D47AA7DF}
	EndGlobalSection
EndGlobal
